
Microsoft Visual Studio Solution File, Format Version 12.00
# Visual Studio 14
VisualStudioVersion = 14.0.25420.1
MinimumVisualStudioVersion = 10.0.40219.1
Project("{8BC9CEB8-8B4A-11D0-8D11-00A0C91BC942}") = "DFS_BFS", "DFS_BFS\DFS_BFS.vcxproj", "{CC7D0366-DC4C-4DD4-985A-A880F5E14485}"
EndProject
Project("{8BC9CEB8-8B4A-11D0-8D11-00A0C91BC942}") = "Heap", "Heap\Heap.vcxproj", "{54BCFD1A-7987-4C04-B3A9-865E502AA768}"
EndProject
Project("{8BC9CEB8-8B4A-11D0-8D11-00A0C91BC942}") = "Greedy", "Greedy\Greedy.vcxproj", "{1F31E7E3-7270-414B-9F13-A9E9E5DABB74}"
EndProject
Global
	GlobalSection(SolutionConfigurationPlatforms) = preSolution
		Debug|x64 = Debug|x64
		Debug|x86 = Debug|x86
		Release|x64 = Release|x64
		Release|x86 = Release|x86
	EndGlobalSection
	GlobalSection(ProjectConfigurationPlatforms) = postSolution
		{CC7D0366-DC4C-4DD4-985A-A880F5E14485}.Debug|x64.ActiveCfg = Debug|x64
		{CC7D0366-DC4C-4DD4-985A-A880F5E14485}.Debug|x64.Build.0 = Debug|x64
		{CC7D0366-DC4C-4DD4-985A-A880F5E14485}.Debug|x86.ActiveCfg = Debug|Win32
		{CC7D0366-DC4C-4DD4-985A-A880F5E14485}.Debug|x86.Build.0 = Debug|Win32
		{CC7D0366-DC4C-4DD4-985A-A880F5E14485}.Release|x64.ActiveCfg = Release|x64
		{CC7D0366-DC4C-4DD4-985A-A880F5E14485}.Release|x64.Build.0 = Release|x64
		{CC7D0366-DC4C-4DD4-985A-A880F5E14485}.Release|x86.ActiveCfg = Release|Win32
		{CC7D0366-DC4C-4DD4-985A-A880F5E14485}.Release|x86.Build.0 = Release|Win32
		{54BCFD1A-7987-4C04-B3A9-865E502AA768}.Debug|x64.ActiveCfg = Debug|x64
		{54BCFD1A-7987-4C04-B3A9-865E502AA768}.Debug|x64.Build.0 = Debug|x64
		{54BCFD1A-7987-4C04-B3A9-865E502AA768}.Debug|x86.ActiveCfg = Debug|Win32
		{54BCFD1A-7987-4C04-B3A9-865E502AA768}.Debug|x86.Build.0 = Debug|Win32
		{54BCFD1A-7987-4C04-B3A9-865E502AA768}.Release|x64.ActiveCfg = Release|x64
		{54BCFD1A-7987-4C04-B3A9-865E502AA768}.Release|x64.Build.0 = Release|x64
		{54BCFD1A-7987-4C04-B3A9-865E502AA768}.Release|x86.ActiveCfg = Release|Win32
		{54BCFD1A-7987-4C04-B3A9-865E502AA768}.Release|x86.Build.0 = Release|Win32
		{1F31E7E3-7270-414B-9F13-A9E9E5DABB74}.Debug|x64.ActiveCfg = Debug|x64
		{1F31E7E3-7270-414B-9F13-A9E9E5DABB74}.Debug|x64.Build.0 = Debug|x64
		{1F31E7E3-7270-414B-9F13-A9E9E5DABB74}.Debug|x86.ActiveCfg = Debug|Win32
		{1F31E7E3-7270-414B-9F13-A9E9E5DABB74}.Debug|x86.Build.0 = Debug|Win32
		{1F31E7E3-7270-414B-9F13-A9E9E5DABB74}.Release|x64.ActiveCfg = Release|x64
		{1F31E7E3-7270-414B-9F13-A9E9E5DABB74}.Release|x64.Build.0 = Release|x64
		{1F31E7E3-7270-414B-9F13-A9E9E5DABB74}.Release|x86.ActiveCfg = Release|Win32
		{1F31E7E3-7270-414B-9F13-A9E9E5DABB74}.Release|x86.Build.0 = Release|Win32
	EndGlobalSection
	GlobalSection(SolutionProperties) = preSolution
		HideSolutionNode = FALSE
	EndGlobalSection
EndGlobal
